<?xml version="1.0" encoding="utf-8"?>
<Project ToolsVersion="4.0" xmlns="http://schemas.microsoft.com/developer/msbuild/2003">
  <ItemGroup>
    <Filter Include="Fichiers sources">
      <UniqueIdentifier>{4FC737F1-C7A5-4376-A066-2A32D752A2FF}</UniqueIdentifier>
      <Extensions>cpp;c;cc;cxx;c++;cppm;ixx;def;odl;idl;hpj;bat;asm;asmx</Extensions>
    </Filter>
    <Filter Include="Core">
      <UniqueIdentifier>{4bbb63f9-b42f-4956-8fc7-d1aa88d9c35b}</UniqueIdentifier>
    </Filter>
    <Filter Include="Fuzzy">
      <UniqueIdentifier>{956768fc-80e2-42fe-823e-e7c697dbce4f}</UniqueIdentifier>
    </Filter>
    <Filter Include="Core\Fichiers d%27en-tête">
      <UniqueIdentifier>{3b21e0d2-334d-49bf-b100-5b9b60e071ca}</UniqueIdentifier>
    </Filter>
    <Filter Include="Core\Fichiers sources">
      <UniqueIdentifier>{d9988f54-7977-4ffa-94f3-b317a89f64f4}</UniqueIdentifier>
    </Filter>
    <Filter Include="Fuzzy\Fichiers d%27en-tête">
      <UniqueIdentifier>{92c13de1-4a4a-43e6-b162-a6e9dbe7702c}</UniqueIdentifier>
    </Filter>
  </ItemGroup>
  <ItemGroup>
    <ClCompile Include="Fuzzy_logic.cpp">
      <Filter>Fichiers sources</Filter>
    </ClCompile>
    <ClCompile Include="Extension_Chauffage.cpp">
      <Filter>Fichiers sources</Filter>
    </ClCompile>
  </ItemGroup>
  <ItemGroup>
    <ClInclude Include="Expression.h">
      <Filter>Core\Fichiers d%27en-tête</Filter>
    </ClInclude>
    <ClInclude Include="BinaryExpressionModel.h">
      <Filter>Core\Fichiers d%27en-tête</Filter>
    </ClInclude>
    <ClInclude Include="BinaryShadowExpression.h">
      <Filter>Core\Fichiers d%27en-tête</Filter>
    </ClInclude>
    <ClInclude Include="ExpressionFactory.h">
      <Filter>Core\Fichiers d%27en-tête</Filter>
    </ClInclude>
    <ClInclude Include="FuzzyFactory.h">
      <Filter>Core\Fichiers d%27en-tête</Filter>
    </ClInclude>
    <ClInclude Include="NaryExpressionModel.h">
      <Filter>Core\Fichiers d%27en-tête</Filter>
    </ClInclude>
    <ClInclude Include="NaryShadowExpression.h">
      <Filter>Core\Fichiers d%27en-tête</Filter>
    </ClInclude>
    <ClInclude Include="UnaryExpressionModel.h">
      <Filter>Core\Fichiers d%27en-tête</Filter>
    </ClInclude>
    <ClInclude Include="UnaryShadowExpression.h">
      <Filter>Core\Fichiers d%27en-tête</Filter>
    </ClInclude>
    <ClInclude Include="ValueModel.h">
      <Filter>Core\Fichiers d%27en-tête</Filter>
    </ClInclude>
    <ClInclude Include="Operator.h">
      <Filter>Fuzzy\Fichiers d%27en-tête</Filter>
    </ClInclude>
    <ClInclude Include="Agg.h">
      <Filter>Fuzzy\Fichiers d%27en-tête</Filter>
    </ClInclude>
    <ClInclude Include="And.h">
      <Filter>Fuzzy\Fichiers d%27en-tête</Filter>
    </ClInclude>
    <ClInclude Include="Not.h">
      <Filter>Fuzzy\Fichiers d%27en-tête</Filter>
    </ClInclude>
    <ClInclude Include="Or.h">
      <Filter>Fuzzy\Fichiers d%27en-tête</Filter>
    </ClInclude>
    <ClInclude Include="Then.h">
      <Filter>Fuzzy\Fichiers d%27en-tête</Filter>
    </ClInclude>
    <ClInclude Include="SugenoDefuzz.h">
      <Filter>Fuzzy\Fichiers d%27en-tête</Filter>
    </ClInclude>
    <ClInclude Include="SugenoConclusion.h">
      <Filter>Fuzzy\Fichiers d%27en-tête</Filter>
    </ClInclude>
    <ClInclude Include="Is.h">
      <Filter>Fuzzy\Fichiers d%27en-tête</Filter>
    </ClInclude>
    <ClInclude Include="CogDefuzz.h">
      <Filter>Fuzzy\Fichiers d%27en-tête</Filter>
    </ClInclude>
    <ClInclude Include="MamdaniDefuzz.h">
      <Filter>Fuzzy\Fichiers d%27en-tête</Filter>
    </ClInclude>
    <ClInclude Include="BOADefuzz.h">
      <Filter>Fuzzy\Fichiers d%27en-tête</Filter>
    </ClInclude>
  </ItemGroup>
</Project>